
Microsoft Visual Studio Solution File, Format Version 12.00
# Visual Studio 15
VisualStudioVersion = 15.0.27703.2035
MinimumVisualStudioVersion = 10.0.40219.1
Project("{888888A0-9F3D-457C-B088-3A5042F75D52}") = "RFID", "RFID\RFID.pyproj", "{56C1A82D-7CF9-473E-96BA-222C5458E9F0}"
EndProject
Global
	GlobalSection(SolutionConfigurationPlatforms) = preSolution
		Debug|Any CPU = Debug|Any CPU
		Release|Any CPU = Release|Any CPU
	EndGlobalSection
	GlobalSection(ProjectConfigurationPlatforms) = postSolution
		{56C1A82D-7CF9-473E-96BA-222C5458E9F0}.Debug|Any CPU.ActiveCfg = Debug|Any CPU
		{56C1A82D-7CF9-473E-96BA-222C5458E9F0}.Release|Any CPU.ActiveCfg = Release|Any CPU
	EndGlobalSection
	GlobalSection(SolutionProperties) = preSolution
		HideSolutionNode = FALSE
	EndGlobalSection
	GlobalSection(ExtensibilityGlobals) = postSolution
		SolutionGuid = {AA0C489C-6AC7-4FF2-BD51-1BF7A1C7F6A8}
	EndGlobalSection
EndGlobal
